
Microsoft Visual Studio Solution File, Format Version 12.00
# Visual Studio 2013
Project("{FAE04EC0-301F-11D3-BF4B-00C04F79EFBC}") = "UnityVS.MyUnityTools.CSharp", "UnityVS.MyUnityTools.CSharp.csproj", "{4A9B581F-4876-BD77-1E03-90CEDC0B1AF2}"
EndProject
Project("{FAE04EC0-301F-11D3-BF4B-00C04F79EFBC}") = "UnityVS.MyUnityTools.CSharp.Editor", "UnityVS.MyUnityTools.CSharp.Editor.csproj", "{8AF4BDBF-C3F0-263A-521A-EFF072E6B688}"
EndProject
Global
	GlobalSection(SolutionConfigurationPlatforms) = preSolution
		Debug|Any CPU = Debug|Any CPU
		Release|Any CPU = Release|Any CPU
	EndGlobalSection
	GlobalSection(ProjectConfigurationPlatforms) = postSolution
		{4A9B581F-4876-BD77-1E03-90CEDC0B1AF2}.Debug|Any CPU.ActiveCfg = Debug|Any CPU
		{4A9B581F-4876-BD77-1E03-90CEDC0B1AF2}.Debug|Any CPU.Build.0 = Debug|Any CPU
		{4A9B581F-4876-BD77-1E03-90CEDC0B1AF2}.Release|Any CPU.ActiveCfg = Release|Any CPU
		{4A9B581F-4876-BD77-1E03-90CEDC0B1AF2}.Release|Any CPU.Build.0 = Release|Any CPU
		{8AF4BDBF-C3F0-263A-521A-EFF072E6B688}.Debug|Any CPU.ActiveCfg = Debug|Any CPU
		{8AF4BDBF-C3F0-263A-521A-EFF072E6B688}.Debug|Any CPU.Build.0 = Debug|Any CPU
		{8AF4BDBF-C3F0-263A-521A-EFF072E6B688}.Release|Any CPU.ActiveCfg = Release|Any CPU
		{8AF4BDBF-C3F0-263A-521A-EFF072E6B688}.Release|Any CPU.Build.0 = Release|Any CPU
	EndGlobalSection
	GlobalSection(SolutionProperties) = preSolution
		HideSolutionNode = FALSE
	EndGlobalSection
EndGlobal
